
Microsoft Visual Studio Solution File, Format Version 12.00
# Visual Studio Version 16
VisualStudioVersion = 16.0.31129.286
MinimumVisualStudioVersion = 10.0.40219.1
Project("{9A19103F-16F7-4668-BE54-9A1E7A4F7556}") = "01.BasicStackOperations", "01.BasicStackOperations\01.BasicStackOperations.csproj", "{4CA8C122-07CE-49A0-BFD1-C98C22BCA49F}"
EndProject
Project("{9A19103F-16F7-4668-BE54-9A1E7A4F7556}") = "02.BasicQueueOperations", "02.BasicQueueOperations\02.BasicQueueOperations.csproj", "{B258E9E7-623E-41E9-BC7D-79801193EFB4}"
EndProject
Project("{9A19103F-16F7-4668-BE54-9A1E7A4F7556}") = "04.FastFood", "04.FastFood\04.FastFood.csproj", "{D654AE6F-8B8D-4076-99DA-914826D0536D}"
EndProject
Project("{9A19103F-16F7-4668-BE54-9A1E7A4F7556}") = "07.TruckTour", "07.TruckTour\07.TruckTour.csproj", "{141F3D89-1E6F-49FF-9CCD-D015F0DC65A5}"
EndProject
Project("{9A19103F-16F7-4668-BE54-9A1E7A4F7556}") = "10.Crossroads", "10.Crossroads\10.Crossroads.csproj", "{9C38C07A-BDD4-4700-9A58-7DEF283078C5}"
EndProject
Project("{9A19103F-16F7-4668-BE54-9A1E7A4F7556}") = "03.MaximumAndMinimumElement", "03.MaximumAndMinimumElement\03.MaximumAndMinimumElement.csproj", "{1A9729D1-C613-4D60-9E79-73A9546CFE14}"
EndProject
Project("{9A19103F-16F7-4668-BE54-9A1E7A4F7556}") = "05.FashionBoutique", "05.FashionBoutique\05.FashionBoutique.csproj", "{A4019254-7D3A-4129-AAB9-4046BF172AE9}"
EndProject
Project("{9A19103F-16F7-4668-BE54-9A1E7A4F7556}") = "06.SongsQueue", "06.SongsQueue\06.SongsQueue.csproj", "{76BC035B-091A-4013-A079-C9BED0B9B186}"
EndProject
Project("{9A19103F-16F7-4668-BE54-9A1E7A4F7556}") = "08.BalancedParenthesis", "08.BalancedParenthesis\08.BalancedParenthesis.csproj", "{E332A993-1798-47A8-B028-6772CCB31D5F}"
EndProject
Project("{FAE04EC0-301F-11D3-BF4B-00C04F79EFBC}") = "09.SimpleTextEditor", "09.SimpleTextEditor\09.SimpleTextEditor.csproj", "{BE9ACE31-7F55-452A-BCEA-4158D99DEF16}"
EndProject
Global
	GlobalSection(SolutionConfigurationPlatforms) = preSolution
		Debug|Any CPU = Debug|Any CPU
		Release|Any CPU = Release|Any CPU
	EndGlobalSection
	GlobalSection(ProjectConfigurationPlatforms) = postSolution
		{4CA8C122-07CE-49A0-BFD1-C98C22BCA49F}.Debug|Any CPU.ActiveCfg = Debug|Any CPU
		{4CA8C122-07CE-49A0-BFD1-C98C22BCA49F}.Debug|Any CPU.Build.0 = Debug|Any CPU
		{4CA8C122-07CE-49A0-BFD1-C98C22BCA49F}.Release|Any CPU.ActiveCfg = Release|Any CPU
		{4CA8C122-07CE-49A0-BFD1-C98C22BCA49F}.Release|Any CPU.Build.0 = Release|Any CPU
		{B258E9E7-623E-41E9-BC7D-79801193EFB4}.Debug|Any CPU.ActiveCfg = Debug|Any CPU
		{B258E9E7-623E-41E9-BC7D-79801193EFB4}.Debug|Any CPU.Build.0 = Debug|Any CPU
		{B258E9E7-623E-41E9-BC7D-79801193EFB4}.Release|Any CPU.ActiveCfg = Release|Any CPU
		{B258E9E7-623E-41E9-BC7D-79801193EFB4}.Release|Any CPU.Build.0 = Release|Any CPU
		{D654AE6F-8B8D-4076-99DA-914826D0536D}.Debug|Any CPU.ActiveCfg = Debug|Any CPU
		{D654AE6F-8B8D-4076-99DA-914826D0536D}.Debug|Any CPU.Build.0 = Debug|Any CPU
		{D654AE6F-8B8D-4076-99DA-914826D0536D}.Release|Any CPU.ActiveCfg = Release|Any CPU
		{D654AE6F-8B8D-4076-99DA-914826D0536D}.Release|Any CPU.Build.0 = Release|Any CPU
		{141F3D89-1E6F-49FF-9CCD-D015F0DC65A5}.Debug|Any CPU.ActiveCfg = Debug|Any CPU
		{141F3D89-1E6F-49FF-9CCD-D015F0DC65A5}.Debug|Any CPU.Build.0 = Debug|Any CPU
		{141F3D89-1E6F-49FF-9CCD-D015F0DC65A5}.Release|Any CPU.ActiveCfg = Release|Any CPU
		{141F3D89-1E6F-49FF-9CCD-D015F0DC65A5}.Release|Any CPU.Build.0 = Release|Any CPU
		{9C38C07A-BDD4-4700-9A58-7DEF283078C5}.Debug|Any CPU.ActiveCfg = Debug|Any CPU
		{9C38C07A-BDD4-4700-9A58-7DEF283078C5}.Debug|Any CPU.Build.0 = Debug|Any CPU
		{9C38C07A-BDD4-4700-9A58-7DEF283078C5}.Release|Any CPU.ActiveCfg = Release|Any CPU
		{9C38C07A-BDD4-4700-9A58-7DEF283078C5}.Release|Any CPU.Build.0 = Release|Any CPU
		{1A9729D1-C613-4D60-9E79-73A9546CFE14}.Debug|Any CPU.ActiveCfg = Debug|Any CPU
		{1A9729D1-C613-4D60-9E79-73A9546CFE14}.Debug|Any CPU.Build.0 = Debug|Any CPU
		{1A9729D1-C613-4D60-9E79-73A9546CFE14}.Release|Any CPU.ActiveCfg = Release|Any CPU
		{1A9729D1-C613-4D60-9E79-73A9546CFE14}.Release|Any CPU.Build.0 = Release|Any CPU
		{A4019254-7D3A-4129-AAB9-4046BF172AE9}.Debug|Any CPU.ActiveCfg = Debug|Any CPU
		{A4019254-7D3A-4129-AAB9-4046BF172AE9}.Debug|Any CPU.Build.0 = Debug|Any CPU
		{A4019254-7D3A-4129-AAB9-4046BF172AE9}.Release|Any CPU.ActiveCfg = Release|Any CPU
		{A4019254-7D3A-4129-AAB9-4046BF172AE9}.Release|Any CPU.Build.0 = Release|Any CPU
		{76BC035B-091A-4013-A079-C9BED0B9B186}.Debug|Any CPU.ActiveCfg = Debug|Any CPU
		{76BC035B-091A-4013-A079-C9BED0B9B186}.Debug|Any CPU.Build.0 = Debug|Any CPU
		{76BC035B-091A-4013-A079-C9BED0B9B186}.Release|Any CPU.ActiveCfg = Release|Any CPU
		{76BC035B-091A-4013-A079-C9BED0B9B186}.Release|Any CPU.Build.0 = Release|Any CPU
		{E332A993-1798-47A8-B028-6772CCB31D5F}.Debug|Any CPU.ActiveCfg = Debug|Any CPU
		{E332A993-1798-47A8-B028-6772CCB31D5F}.Debug|Any CPU.Build.0 = Debug|Any CPU
		{E332A993-1798-47A8-B028-6772CCB31D5F}.Release|Any CPU.ActiveCfg = Release|Any CPU
		{E332A993-1798-47A8-B028-6772CCB31D5F}.Release|Any CPU.Build.0 = Release|Any CPU
		{BE9ACE31-7F55-452A-BCEA-4158D99DEF16}.Debug|Any CPU.ActiveCfg = Debug|Any CPU
		{BE9ACE31-7F55-452A-BCEA-4158D99DEF16}.Debug|Any CPU.Build.0 = Debug|Any CPU
		{BE9ACE31-7F55-452A-BCEA-4158D99DEF16}.Release|Any CPU.ActiveCfg = Release|Any CPU
		{BE9ACE31-7F55-452A-BCEA-4158D99DEF16}.Release|Any CPU.Build.0 = Release|Any CPU
	EndGlobalSection
	GlobalSection(SolutionProperties) = preSolution
		HideSolutionNode = FALSE
	EndGlobalSection
	GlobalSection(ExtensibilityGlobals) = postSolution
		SolutionGuid = {F45D7378-0FE2-4A3A-94B1-AF1BD0EE0D34}
	EndGlobalSection
EndGlobal
