
Microsoft Visual Studio Solution File, Format Version 12.00
# Visual Studio Version 16
VisualStudioVersion = 16.0.30611.23
MinimumVisualStudioVersion = 10.0.40219.1
Project("{9A19103F-16F7-4668-BE54-9A1E7A4F7556}") = "Cinema", "Cinema\Cinema.csproj", "{7A98A15A-0864-4F0A-A49E-ECE2F1B257E9}"
EndProject
Project("{9A19103F-16F7-4668-BE54-9A1E7A4F7556}") = "SummerOutfit", "SummerOutfit\SummerOutfit.csproj", "{6BE4B362-7B8A-4F41-A07C-6F8D25CE35FF}"
EndProject
Project("{9A19103F-16F7-4668-BE54-9A1E7A4F7556}") = "Volleyball", "Volleyball\Volleyball.csproj", "{62F04037-5B9D-425D-B6A5-A45BE52C4A55}"
EndProject
Project("{9A19103F-16F7-4668-BE54-9A1E7A4F7556}") = "SummerOutfit2", "SummerOutfit2\SummerOutfit2.csproj", "{BFD5FAA2-62CE-4255-8EED-9EE92E36A9CC}"
EndProject
Project("{9A19103F-16F7-4668-BE54-9A1E7A4F7556}") = "NewHouse", "NewHouse\NewHouse.csproj", "{6402A9B4-95E5-4A53-862D-C0D362165FB9}"
EndProject
Project("{9A19103F-16F7-4668-BE54-9A1E7A4F7556}") = "FishingBoat", "FishingBoat\FishingBoat.csproj", "{9D74EDF6-E40A-4F33-91BF-ED639119F60E}"
EndProject
Project("{9A19103F-16F7-4668-BE54-9A1E7A4F7556}") = "Journey", "Journey\Journey.csproj", "{9D8C813C-6303-4890-A5A7-004243629A36}"
EndProject
Project("{9A19103F-16F7-4668-BE54-9A1E7A4F7556}") = "OperationsBetweenNumbers", "OperationsBetweenNumbers\OperationsBetweenNumbers.csproj", "{9FEFF8F6-14E5-4341-B5AF-835FED598F62}"
EndProject
Project("{9A19103F-16F7-4668-BE54-9A1E7A4F7556}") = "HotelRoom", "HotelRoom\HotelRoom.csproj", "{057E5788-E580-4CD7-9E2F-2132B11AE705}"
EndProject
Project("{9A19103F-16F7-4668-BE54-9A1E7A4F7556}") = "OnTimeForTheExam", "OnTimeForTheExam\OnTimeForTheExam.csproj", "{321E5F7D-349C-47A4-AD07-78EEC127B2D3}"
EndProject
Project("{9A19103F-16F7-4668-BE54-9A1E7A4F7556}") = "OnTimeForTheExam2", "OnTimeForTheExam2\OnTimeForTheExam2.csproj", "{5AAFA986-4983-48CB-AF14-C39D033AF795}"
EndProject
Global
	GlobalSection(SolutionConfigurationPlatforms) = preSolution
		Debug|Any CPU = Debug|Any CPU
		Release|Any CPU = Release|Any CPU
	EndGlobalSection
	GlobalSection(ProjectConfigurationPlatforms) = postSolution
		{7A98A15A-0864-4F0A-A49E-ECE2F1B257E9}.Debug|Any CPU.ActiveCfg = Debug|Any CPU
		{7A98A15A-0864-4F0A-A49E-ECE2F1B257E9}.Debug|Any CPU.Build.0 = Debug|Any CPU
		{7A98A15A-0864-4F0A-A49E-ECE2F1B257E9}.Release|Any CPU.ActiveCfg = Release|Any CPU
		{7A98A15A-0864-4F0A-A49E-ECE2F1B257E9}.Release|Any CPU.Build.0 = Release|Any CPU
		{6BE4B362-7B8A-4F41-A07C-6F8D25CE35FF}.Debug|Any CPU.ActiveCfg = Debug|Any CPU
		{6BE4B362-7B8A-4F41-A07C-6F8D25CE35FF}.Debug|Any CPU.Build.0 = Debug|Any CPU
		{6BE4B362-7B8A-4F41-A07C-6F8D25CE35FF}.Release|Any CPU.ActiveCfg = Release|Any CPU
		{6BE4B362-7B8A-4F41-A07C-6F8D25CE35FF}.Release|Any CPU.Build.0 = Release|Any CPU
		{62F04037-5B9D-425D-B6A5-A45BE52C4A55}.Debug|Any CPU.ActiveCfg = Debug|Any CPU
		{62F04037-5B9D-425D-B6A5-A45BE52C4A55}.Debug|Any CPU.Build.0 = Debug|Any CPU
		{62F04037-5B9D-425D-B6A5-A45BE52C4A55}.Release|Any CPU.ActiveCfg = Release|Any CPU
		{62F04037-5B9D-425D-B6A5-A45BE52C4A55}.Release|Any CPU.Build.0 = Release|Any CPU
		{BFD5FAA2-62CE-4255-8EED-9EE92E36A9CC}.Debug|Any CPU.ActiveCfg = Debug|Any CPU
		{BFD5FAA2-62CE-4255-8EED-9EE92E36A9CC}.Debug|Any CPU.Build.0 = Debug|Any CPU
		{BFD5FAA2-62CE-4255-8EED-9EE92E36A9CC}.Release|Any CPU.ActiveCfg = Release|Any CPU
		{BFD5FAA2-62CE-4255-8EED-9EE92E36A9CC}.Release|Any CPU.Build.0 = Release|Any CPU
		{6402A9B4-95E5-4A53-862D-C0D362165FB9}.Debug|Any CPU.ActiveCfg = Debug|Any CPU
		{6402A9B4-95E5-4A53-862D-C0D362165FB9}.Debug|Any CPU.Build.0 = Debug|Any CPU
		{6402A9B4-95E5-4A53-862D-C0D362165FB9}.Release|Any CPU.ActiveCfg = Release|Any CPU
		{6402A9B4-95E5-4A53-862D-C0D362165FB9}.Release|Any CPU.Build.0 = Release|Any CPU
		{9D74EDF6-E40A-4F33-91BF-ED639119F60E}.Debug|Any CPU.ActiveCfg = Debug|Any CPU
		{9D74EDF6-E40A-4F33-91BF-ED639119F60E}.Debug|Any CPU.Build.0 = Debug|Any CPU
		{9D74EDF6-E40A-4F33-91BF-ED639119F60E}.Release|Any CPU.ActiveCfg = Release|Any CPU
		{9D74EDF6-E40A-4F33-91BF-ED639119F60E}.Release|Any CPU.Build.0 = Release|Any CPU
		{9D8C813C-6303-4890-A5A7-004243629A36}.Debug|Any CPU.ActiveCfg = Debug|Any CPU
		{9D8C813C-6303-4890-A5A7-004243629A36}.Debug|Any CPU.Build.0 = Debug|Any CPU
		{9D8C813C-6303-4890-A5A7-004243629A36}.Release|Any CPU.ActiveCfg = Release|Any CPU
		{9D8C813C-6303-4890-A5A7-004243629A36}.Release|Any CPU.Build.0 = Release|Any CPU
		{9FEFF8F6-14E5-4341-B5AF-835FED598F62}.Debug|Any CPU.ActiveCfg = Debug|Any CPU
		{9FEFF8F6-14E5-4341-B5AF-835FED598F62}.Debug|Any CPU.Build.0 = Debug|Any CPU
		{9FEFF8F6-14E5-4341-B5AF-835FED598F62}.Release|Any CPU.ActiveCfg = Release|Any CPU
		{9FEFF8F6-14E5-4341-B5AF-835FED598F62}.Release|Any CPU.Build.0 = Release|Any CPU
		{057E5788-E580-4CD7-9E2F-2132B11AE705}.Debug|Any CPU.ActiveCfg = Debug|Any CPU
		{057E5788-E580-4CD7-9E2F-2132B11AE705}.Debug|Any CPU.Build.0 = Debug|Any CPU
		{057E5788-E580-4CD7-9E2F-2132B11AE705}.Release|Any CPU.ActiveCfg = Release|Any CPU
		{057E5788-E580-4CD7-9E2F-2132B11AE705}.Release|Any CPU.Build.0 = Release|Any CPU
		{321E5F7D-349C-47A4-AD07-78EEC127B2D3}.Debug|Any CPU.ActiveCfg = Debug|Any CPU
		{321E5F7D-349C-47A4-AD07-78EEC127B2D3}.Debug|Any CPU.Build.0 = Debug|Any CPU
		{321E5F7D-349C-47A4-AD07-78EEC127B2D3}.Release|Any CPU.ActiveCfg = Release|Any CPU
		{321E5F7D-349C-47A4-AD07-78EEC127B2D3}.Release|Any CPU.Build.0 = Release|Any CPU
		{5AAFA986-4983-48CB-AF14-C39D033AF795}.Debug|Any CPU.ActiveCfg = Debug|Any CPU
		{5AAFA986-4983-48CB-AF14-C39D033AF795}.Debug|Any CPU.Build.0 = Debug|Any CPU
		{5AAFA986-4983-48CB-AF14-C39D033AF795}.Release|Any CPU.ActiveCfg = Release|Any CPU
		{5AAFA986-4983-48CB-AF14-C39D033AF795}.Release|Any CPU.Build.0 = Release|Any CPU
	EndGlobalSection
	GlobalSection(SolutionProperties) = preSolution
		HideSolutionNode = FALSE
	EndGlobalSection
	GlobalSection(ExtensibilityGlobals) = postSolution
		SolutionGuid = {FB8EAF13-14E1-487D-B7DA-931B209D0DD9}
	EndGlobalSection
EndGlobal
