
Microsoft Visual Studio Solution File, Format Version 12.00
# Visual Studio Version 16
VisualStudioVersion = 16.0.30611.23
MinimumVisualStudioVersion = 10.0.40219.1
Project("{FAE04EC0-301F-11D3-BF4B-00C04F79EFBC}") = "01.OldBooks", "01.OldBooks\01.OldBooks.csproj", "{2211BAAE-6FC1-45C8-8262-A93B9F26C219}"
EndProject
Project("{FAE04EC0-301F-11D3-BF4B-00C04F79EFBC}") = "02.ExamPreparation", "02.ExamPreparation\02.ExamPreparation.csproj", "{1513E967-8600-4B48-9741-D2913ADF8BE5}"
EndProject
Project("{FAE04EC0-301F-11D3-BF4B-00C04F79EFBC}") = "03.Vacation", "03.Vacation\03.Vacation.csproj", "{0E962B17-74FA-454C-AFDE-0C6D591817FE}"
EndProject
Project("{FAE04EC0-301F-11D3-BF4B-00C04F79EFBC}") = "02.ExamPreparation2", "02.ExamPreparation2\02.ExamPreparation2.csproj", "{0F86B7E1-95A5-4F00-8406-1DAD8BEDAC64}"
EndProject
Project("{FAE04EC0-301F-11D3-BF4B-00C04F79EFBC}") = "04.Walking", "04.Walking\04.Walking.csproj", "{63877164-F530-49AA-808B-DB06C48D11AE}"
EndProject
Project("{FAE04EC0-301F-11D3-BF4B-00C04F79EFBC}") = "05.Coins", "05.Coins\05.Coins.csproj", "{13583478-B509-4DB8-B326-3C0EE24EAA9B}"
EndProject
Project("{FAE04EC0-301F-11D3-BF4B-00C04F79EFBC}") = "05.Coins2", "05.Coins2\05.Coins2.csproj", "{59794F60-F1F6-494D-81A4-0DA060B3C673}"
EndProject
Project("{FAE04EC0-301F-11D3-BF4B-00C04F79EFBC}") = "05.Coins3", "05.Coins3\05.Coins3.csproj", "{F9CC586B-2A64-486C-908A-A99C4F65DA34}"
EndProject
Project("{FAE04EC0-301F-11D3-BF4B-00C04F79EFBC}") = "06.Cake", "06.Cake\06.Cake.csproj", "{21320E70-EF94-48A6-AF3D-D62C8FCAB220}"
EndProject
Global
	GlobalSection(SolutionConfigurationPlatforms) = preSolution
		Debug|Any CPU = Debug|Any CPU
		Release|Any CPU = Release|Any CPU
	EndGlobalSection
	GlobalSection(ProjectConfigurationPlatforms) = postSolution
		{2211BAAE-6FC1-45C8-8262-A93B9F26C219}.Debug|Any CPU.ActiveCfg = Debug|Any CPU
		{2211BAAE-6FC1-45C8-8262-A93B9F26C219}.Debug|Any CPU.Build.0 = Debug|Any CPU
		{2211BAAE-6FC1-45C8-8262-A93B9F26C219}.Release|Any CPU.ActiveCfg = Release|Any CPU
		{2211BAAE-6FC1-45C8-8262-A93B9F26C219}.Release|Any CPU.Build.0 = Release|Any CPU
		{1513E967-8600-4B48-9741-D2913ADF8BE5}.Debug|Any CPU.ActiveCfg = Debug|Any CPU
		{1513E967-8600-4B48-9741-D2913ADF8BE5}.Debug|Any CPU.Build.0 = Debug|Any CPU
		{1513E967-8600-4B48-9741-D2913ADF8BE5}.Release|Any CPU.ActiveCfg = Release|Any CPU
		{1513E967-8600-4B48-9741-D2913ADF8BE5}.Release|Any CPU.Build.0 = Release|Any CPU
		{0E962B17-74FA-454C-AFDE-0C6D591817FE}.Debug|Any CPU.ActiveCfg = Debug|Any CPU
		{0E962B17-74FA-454C-AFDE-0C6D591817FE}.Debug|Any CPU.Build.0 = Debug|Any CPU
		{0E962B17-74FA-454C-AFDE-0C6D591817FE}.Release|Any CPU.ActiveCfg = Release|Any CPU
		{0E962B17-74FA-454C-AFDE-0C6D591817FE}.Release|Any CPU.Build.0 = Release|Any CPU
		{0F86B7E1-95A5-4F00-8406-1DAD8BEDAC64}.Debug|Any CPU.ActiveCfg = Debug|Any CPU
		{0F86B7E1-95A5-4F00-8406-1DAD8BEDAC64}.Debug|Any CPU.Build.0 = Debug|Any CPU
		{0F86B7E1-95A5-4F00-8406-1DAD8BEDAC64}.Release|Any CPU.ActiveCfg = Release|Any CPU
		{0F86B7E1-95A5-4F00-8406-1DAD8BEDAC64}.Release|Any CPU.Build.0 = Release|Any CPU
		{63877164-F530-49AA-808B-DB06C48D11AE}.Debug|Any CPU.ActiveCfg = Debug|Any CPU
		{63877164-F530-49AA-808B-DB06C48D11AE}.Debug|Any CPU.Build.0 = Debug|Any CPU
		{63877164-F530-49AA-808B-DB06C48D11AE}.Release|Any CPU.ActiveCfg = Release|Any CPU
		{63877164-F530-49AA-808B-DB06C48D11AE}.Release|Any CPU.Build.0 = Release|Any CPU
		{13583478-B509-4DB8-B326-3C0EE24EAA9B}.Debug|Any CPU.ActiveCfg = Debug|Any CPU
		{13583478-B509-4DB8-B326-3C0EE24EAA9B}.Debug|Any CPU.Build.0 = Debug|Any CPU
		{13583478-B509-4DB8-B326-3C0EE24EAA9B}.Release|Any CPU.ActiveCfg = Release|Any CPU
		{13583478-B509-4DB8-B326-3C0EE24EAA9B}.Release|Any CPU.Build.0 = Release|Any CPU
		{59794F60-F1F6-494D-81A4-0DA060B3C673}.Debug|Any CPU.ActiveCfg = Debug|Any CPU
		{59794F60-F1F6-494D-81A4-0DA060B3C673}.Debug|Any CPU.Build.0 = Debug|Any CPU
		{59794F60-F1F6-494D-81A4-0DA060B3C673}.Release|Any CPU.ActiveCfg = Release|Any CPU
		{59794F60-F1F6-494D-81A4-0DA060B3C673}.Release|Any CPU.Build.0 = Release|Any CPU
		{F9CC586B-2A64-486C-908A-A99C4F65DA34}.Debug|Any CPU.ActiveCfg = Debug|Any CPU
		{F9CC586B-2A64-486C-908A-A99C4F65DA34}.Debug|Any CPU.Build.0 = Debug|Any CPU
		{F9CC586B-2A64-486C-908A-A99C4F65DA34}.Release|Any CPU.ActiveCfg = Release|Any CPU
		{F9CC586B-2A64-486C-908A-A99C4F65DA34}.Release|Any CPU.Build.0 = Release|Any CPU
		{21320E70-EF94-48A6-AF3D-D62C8FCAB220}.Debug|Any CPU.ActiveCfg = Debug|Any CPU
		{21320E70-EF94-48A6-AF3D-D62C8FCAB220}.Debug|Any CPU.Build.0 = Debug|Any CPU
		{21320E70-EF94-48A6-AF3D-D62C8FCAB220}.Release|Any CPU.ActiveCfg = Release|Any CPU
		{21320E70-EF94-48A6-AF3D-D62C8FCAB220}.Release|Any CPU.Build.0 = Release|Any CPU
	EndGlobalSection
	GlobalSection(SolutionProperties) = preSolution
		HideSolutionNode = FALSE
	EndGlobalSection
	GlobalSection(ExtensibilityGlobals) = postSolution
		SolutionGuid = {A4B8C906-EFFE-421D-8257-EE55FD551971}
	EndGlobalSection
EndGlobal
