
Microsoft Visual Studio Solution File, Format Version 12.00
# Visual Studio Version 16
VisualStudioVersion = 16.0.30611.23
MinimumVisualStudioVersion = 10.0.40219.1
Project("{9A19103F-16F7-4668-BE54-9A1E7A4F7556}") = "01.ReadText", "01.ReadText\01.ReadText.csproj", "{12F8158F-33CA-4AC6-8DD4-BDBB5A600025}"
EndProject
Project("{9A19103F-16F7-4668-BE54-9A1E7A4F7556}") = "02.Password", "02.Password\02.Password.csproj", "{673C326C-ABDC-47FA-972F-80C536D8DF7F}"
EndProject
Project("{9A19103F-16F7-4668-BE54-9A1E7A4F7556}") = "01.ReadText2", "01.ReadText2\01.ReadText2.csproj", "{46844415-3D1B-405E-91C1-CBDE6CEC1157}"
EndProject
Project("{9A19103F-16F7-4668-BE54-9A1E7A4F7556}") = "03.SumNumbers", "03.SumNumbers\03.SumNumbers.csproj", "{E48B2C5A-064F-4313-8826-A079AE00E318}"
EndProject
Project("{9A19103F-16F7-4668-BE54-9A1E7A4F7556}") = "03.SumNumbers2", "03.SumNumbers2\03.SumNumbers2.csproj", "{8E1597AB-BDD2-4161-BC23-046DA63EBF10}"
EndProject
Project("{9A19103F-16F7-4668-BE54-9A1E7A4F7556}") = "04.Sequence2k+1", "04.Sequence2k+1\04.Sequence2k+1.csproj", "{E928ED35-B30F-4EFD-B2FE-F707C6250A76}"
EndProject
Project("{9A19103F-16F7-4668-BE54-9A1E7A4F7556}") = "05.AccountBalance", "05.AccountBalance\05.AccountBalance.csproj", "{F075935E-BBA9-4BF9-943A-B155610C2207}"
EndProject
Project("{FAE04EC0-301F-11D3-BF4B-00C04F79EFBC}") = "04.Sequence2k+1_2", "04.Sequence2k+1_2\04.Sequence2k+1_2.csproj", "{02B14F6F-40CF-459C-A677-4CA9E41ECD4F}"
EndProject
Project("{FAE04EC0-301F-11D3-BF4B-00C04F79EFBC}") = "06.MaxNumber", "06.MaxNumber\06.MaxNumber.csproj", "{DD3ADF23-73DB-4E1F-98DE-327D9062C7BD}"
EndProject
Project("{FAE04EC0-301F-11D3-BF4B-00C04F79EFBC}") = "07.MinNumber", "07.MinNumber\07.MinNumber.csproj", "{92E1A45B-10FB-4AF6-975F-455186DF223F}"
EndProject
Project("{FAE04EC0-301F-11D3-BF4B-00C04F79EFBC}") = "08.GraduationPt.2", "08.GraduationPt.2\08.GraduationPt.2.csproj", "{6F367596-4C4C-4C76-BD65-CD5057A01434}"
EndProject
Project("{FAE04EC0-301F-11D3-BF4B-00C04F79EFBC}") = "09.Moving", "09.Moving\09.Moving.csproj", "{4170DBC4-CBAC-4A3F-8619-AFB09D9AEC53}"
EndProject
Global
	GlobalSection(SolutionConfigurationPlatforms) = preSolution
		Debug|Any CPU = Debug|Any CPU
		Release|Any CPU = Release|Any CPU
	EndGlobalSection
	GlobalSection(ProjectConfigurationPlatforms) = postSolution
		{12F8158F-33CA-4AC6-8DD4-BDBB5A600025}.Debug|Any CPU.ActiveCfg = Debug|Any CPU
		{12F8158F-33CA-4AC6-8DD4-BDBB5A600025}.Debug|Any CPU.Build.0 = Debug|Any CPU
		{12F8158F-33CA-4AC6-8DD4-BDBB5A600025}.Release|Any CPU.ActiveCfg = Release|Any CPU
		{12F8158F-33CA-4AC6-8DD4-BDBB5A600025}.Release|Any CPU.Build.0 = Release|Any CPU
		{673C326C-ABDC-47FA-972F-80C536D8DF7F}.Debug|Any CPU.ActiveCfg = Debug|Any CPU
		{673C326C-ABDC-47FA-972F-80C536D8DF7F}.Debug|Any CPU.Build.0 = Debug|Any CPU
		{673C326C-ABDC-47FA-972F-80C536D8DF7F}.Release|Any CPU.ActiveCfg = Release|Any CPU
		{673C326C-ABDC-47FA-972F-80C536D8DF7F}.Release|Any CPU.Build.0 = Release|Any CPU
		{46844415-3D1B-405E-91C1-CBDE6CEC1157}.Debug|Any CPU.ActiveCfg = Debug|Any CPU
		{46844415-3D1B-405E-91C1-CBDE6CEC1157}.Debug|Any CPU.Build.0 = Debug|Any CPU
		{46844415-3D1B-405E-91C1-CBDE6CEC1157}.Release|Any CPU.ActiveCfg = Release|Any CPU
		{46844415-3D1B-405E-91C1-CBDE6CEC1157}.Release|Any CPU.Build.0 = Release|Any CPU
		{E48B2C5A-064F-4313-8826-A079AE00E318}.Debug|Any CPU.ActiveCfg = Debug|Any CPU
		{E48B2C5A-064F-4313-8826-A079AE00E318}.Debug|Any CPU.Build.0 = Debug|Any CPU
		{E48B2C5A-064F-4313-8826-A079AE00E318}.Release|Any CPU.ActiveCfg = Release|Any CPU
		{E48B2C5A-064F-4313-8826-A079AE00E318}.Release|Any CPU.Build.0 = Release|Any CPU
		{8E1597AB-BDD2-4161-BC23-046DA63EBF10}.Debug|Any CPU.ActiveCfg = Debug|Any CPU
		{8E1597AB-BDD2-4161-BC23-046DA63EBF10}.Debug|Any CPU.Build.0 = Debug|Any CPU
		{8E1597AB-BDD2-4161-BC23-046DA63EBF10}.Release|Any CPU.ActiveCfg = Release|Any CPU
		{8E1597AB-BDD2-4161-BC23-046DA63EBF10}.Release|Any CPU.Build.0 = Release|Any CPU
		{E928ED35-B30F-4EFD-B2FE-F707C6250A76}.Debug|Any CPU.ActiveCfg = Debug|Any CPU
		{E928ED35-B30F-4EFD-B2FE-F707C6250A76}.Debug|Any CPU.Build.0 = Debug|Any CPU
		{E928ED35-B30F-4EFD-B2FE-F707C6250A76}.Release|Any CPU.ActiveCfg = Release|Any CPU
		{E928ED35-B30F-4EFD-B2FE-F707C6250A76}.Release|Any CPU.Build.0 = Release|Any CPU
		{F075935E-BBA9-4BF9-943A-B155610C2207}.Debug|Any CPU.ActiveCfg = Debug|Any CPU
		{F075935E-BBA9-4BF9-943A-B155610C2207}.Debug|Any CPU.Build.0 = Debug|Any CPU
		{F075935E-BBA9-4BF9-943A-B155610C2207}.Release|Any CPU.ActiveCfg = Release|Any CPU
		{F075935E-BBA9-4BF9-943A-B155610C2207}.Release|Any CPU.Build.0 = Release|Any CPU
		{02B14F6F-40CF-459C-A677-4CA9E41ECD4F}.Debug|Any CPU.ActiveCfg = Debug|Any CPU
		{02B14F6F-40CF-459C-A677-4CA9E41ECD4F}.Debug|Any CPU.Build.0 = Debug|Any CPU
		{02B14F6F-40CF-459C-A677-4CA9E41ECD4F}.Release|Any CPU.ActiveCfg = Release|Any CPU
		{02B14F6F-40CF-459C-A677-4CA9E41ECD4F}.Release|Any CPU.Build.0 = Release|Any CPU
		{DD3ADF23-73DB-4E1F-98DE-327D9062C7BD}.Debug|Any CPU.ActiveCfg = Debug|Any CPU
		{DD3ADF23-73DB-4E1F-98DE-327D9062C7BD}.Debug|Any CPU.Build.0 = Debug|Any CPU
		{DD3ADF23-73DB-4E1F-98DE-327D9062C7BD}.Release|Any CPU.ActiveCfg = Release|Any CPU
		{DD3ADF23-73DB-4E1F-98DE-327D9062C7BD}.Release|Any CPU.Build.0 = Release|Any CPU
		{92E1A45B-10FB-4AF6-975F-455186DF223F}.Debug|Any CPU.ActiveCfg = Debug|Any CPU
		{92E1A45B-10FB-4AF6-975F-455186DF223F}.Debug|Any CPU.Build.0 = Debug|Any CPU
		{92E1A45B-10FB-4AF6-975F-455186DF223F}.Release|Any CPU.ActiveCfg = Release|Any CPU
		{92E1A45B-10FB-4AF6-975F-455186DF223F}.Release|Any CPU.Build.0 = Release|Any CPU
		{6F367596-4C4C-4C76-BD65-CD5057A01434}.Debug|Any CPU.ActiveCfg = Debug|Any CPU
		{6F367596-4C4C-4C76-BD65-CD5057A01434}.Debug|Any CPU.Build.0 = Debug|Any CPU
		{6F367596-4C4C-4C76-BD65-CD5057A01434}.Release|Any CPU.ActiveCfg = Release|Any CPU
		{6F367596-4C4C-4C76-BD65-CD5057A01434}.Release|Any CPU.Build.0 = Release|Any CPU
		{4170DBC4-CBAC-4A3F-8619-AFB09D9AEC53}.Debug|Any CPU.ActiveCfg = Debug|Any CPU
		{4170DBC4-CBAC-4A3F-8619-AFB09D9AEC53}.Debug|Any CPU.Build.0 = Debug|Any CPU
		{4170DBC4-CBAC-4A3F-8619-AFB09D9AEC53}.Release|Any CPU.ActiveCfg = Release|Any CPU
		{4170DBC4-CBAC-4A3F-8619-AFB09D9AEC53}.Release|Any CPU.Build.0 = Release|Any CPU
	EndGlobalSection
	GlobalSection(SolutionProperties) = preSolution
		HideSolutionNode = FALSE
	EndGlobalSection
	GlobalSection(ExtensibilityGlobals) = postSolution
		SolutionGuid = {AF1B0F96-0812-436C-94F4-8CFCDBAD0A61}
	EndGlobalSection
EndGlobal
