
Microsoft Visual Studio Solution File, Format Version 12.00
# Visual Studio Version 16
VisualStudioVersion = 16.0.31129.286
MinimumVisualStudioVersion = 10.0.40219.1
Project("{9A19103F-16F7-4668-BE54-9A1E7A4F7556}") = "1.SumMatrixElements", "1.SumMatrixElements\1.SumMatrixElements.csproj", "{73889472-212D-494A-A3A1-6C61CED377FA}"
EndProject
Project("{FAE04EC0-301F-11D3-BF4B-00C04F79EFBC}") = "2.SumMatrixColumns", "2.SumMatrixColumns\2.SumMatrixColumns.csproj", "{2AAE3EED-50B3-40ED-8381-EE4EA8DEEF89}"
EndProject
Project("{FAE04EC0-301F-11D3-BF4B-00C04F79EFBC}") = "4.SymbolInMatrix", "4.SymbolInMatrix\4.SymbolInMatrix.csproj", "{A5A30109-D688-4EE4-8E67-7864B7C175AC}"
EndProject
Project("{FAE04EC0-301F-11D3-BF4B-00C04F79EFBC}") = "3.PrimaryDiagonal", "3.PrimaryDiagonal\3.PrimaryDiagonal.csproj", "{A3AF76AF-D95F-4BD6-B9A2-E17EB1E487D7}"
EndProject
Project("{FAE04EC0-301F-11D3-BF4B-00C04F79EFBC}") = "5.SquareWithMaximumSum", "5.SquareWithMaximumSum\5.SquareWithMaximumSum.csproj", "{6EBF9EAB-E0FC-4E44-A845-08CBF2BE747E}"
EndProject
Project("{FAE04EC0-301F-11D3-BF4B-00C04F79EFBC}") = "6.Jagged-ArrayModification", "6.Jagged-ArrayModification\6.Jagged-ArrayModification.csproj", "{09B4F6FD-5605-46DC-8D36-0D7462A73230}"
EndProject
Project("{FAE04EC0-301F-11D3-BF4B-00C04F79EFBC}") = "7.PascalTriangle", "7.PascalTriangle\7.PascalTriangle.csproj", "{01430C14-8D44-4825-ABA8-ED6287FC36A5}"
EndProject
Project("{FAE04EC0-301F-11D3-BF4B-00C04F79EFBC}") = "7.PascalTriangle1", "7.PascalTriangle1\7.PascalTriangle1.csproj", "{C34A8458-F08B-4C81-B663-A3272E0BF5F8}"
EndProject
Project("{FAE04EC0-301F-11D3-BF4B-00C04F79EFBC}") = "7.PascalTriangle2", "7.PascalTriangle2\7.PascalTriangle2.csproj", "{CA043433-5C52-49F2-83C8-53D5F6EFF3E8}"
EndProject
Global
	GlobalSection(SolutionConfigurationPlatforms) = preSolution
		Debug|Any CPU = Debug|Any CPU
		Release|Any CPU = Release|Any CPU
	EndGlobalSection
	GlobalSection(ProjectConfigurationPlatforms) = postSolution
		{73889472-212D-494A-A3A1-6C61CED377FA}.Debug|Any CPU.ActiveCfg = Debug|Any CPU
		{73889472-212D-494A-A3A1-6C61CED377FA}.Debug|Any CPU.Build.0 = Debug|Any CPU
		{73889472-212D-494A-A3A1-6C61CED377FA}.Release|Any CPU.ActiveCfg = Release|Any CPU
		{73889472-212D-494A-A3A1-6C61CED377FA}.Release|Any CPU.Build.0 = Release|Any CPU
		{2AAE3EED-50B3-40ED-8381-EE4EA8DEEF89}.Debug|Any CPU.ActiveCfg = Debug|Any CPU
		{2AAE3EED-50B3-40ED-8381-EE4EA8DEEF89}.Debug|Any CPU.Build.0 = Debug|Any CPU
		{2AAE3EED-50B3-40ED-8381-EE4EA8DEEF89}.Release|Any CPU.ActiveCfg = Release|Any CPU
		{2AAE3EED-50B3-40ED-8381-EE4EA8DEEF89}.Release|Any CPU.Build.0 = Release|Any CPU
		{A5A30109-D688-4EE4-8E67-7864B7C175AC}.Debug|Any CPU.ActiveCfg = Debug|Any CPU
		{A5A30109-D688-4EE4-8E67-7864B7C175AC}.Debug|Any CPU.Build.0 = Debug|Any CPU
		{A5A30109-D688-4EE4-8E67-7864B7C175AC}.Release|Any CPU.ActiveCfg = Release|Any CPU
		{A5A30109-D688-4EE4-8E67-7864B7C175AC}.Release|Any CPU.Build.0 = Release|Any CPU
		{A3AF76AF-D95F-4BD6-B9A2-E17EB1E487D7}.Debug|Any CPU.ActiveCfg = Debug|Any CPU
		{A3AF76AF-D95F-4BD6-B9A2-E17EB1E487D7}.Debug|Any CPU.Build.0 = Debug|Any CPU
		{A3AF76AF-D95F-4BD6-B9A2-E17EB1E487D7}.Release|Any CPU.ActiveCfg = Release|Any CPU
		{A3AF76AF-D95F-4BD6-B9A2-E17EB1E487D7}.Release|Any CPU.Build.0 = Release|Any CPU
		{6EBF9EAB-E0FC-4E44-A845-08CBF2BE747E}.Debug|Any CPU.ActiveCfg = Debug|Any CPU
		{6EBF9EAB-E0FC-4E44-A845-08CBF2BE747E}.Debug|Any CPU.Build.0 = Debug|Any CPU
		{6EBF9EAB-E0FC-4E44-A845-08CBF2BE747E}.Release|Any CPU.ActiveCfg = Release|Any CPU
		{6EBF9EAB-E0FC-4E44-A845-08CBF2BE747E}.Release|Any CPU.Build.0 = Release|Any CPU
		{09B4F6FD-5605-46DC-8D36-0D7462A73230}.Debug|Any CPU.ActiveCfg = Debug|Any CPU
		{09B4F6FD-5605-46DC-8D36-0D7462A73230}.Debug|Any CPU.Build.0 = Debug|Any CPU
		{09B4F6FD-5605-46DC-8D36-0D7462A73230}.Release|Any CPU.ActiveCfg = Release|Any CPU
		{09B4F6FD-5605-46DC-8D36-0D7462A73230}.Release|Any CPU.Build.0 = Release|Any CPU
		{01430C14-8D44-4825-ABA8-ED6287FC36A5}.Debug|Any CPU.ActiveCfg = Debug|Any CPU
		{01430C14-8D44-4825-ABA8-ED6287FC36A5}.Debug|Any CPU.Build.0 = Debug|Any CPU
		{01430C14-8D44-4825-ABA8-ED6287FC36A5}.Release|Any CPU.ActiveCfg = Release|Any CPU
		{01430C14-8D44-4825-ABA8-ED6287FC36A5}.Release|Any CPU.Build.0 = Release|Any CPU
		{C34A8458-F08B-4C81-B663-A3272E0BF5F8}.Debug|Any CPU.ActiveCfg = Debug|Any CPU
		{C34A8458-F08B-4C81-B663-A3272E0BF5F8}.Debug|Any CPU.Build.0 = Debug|Any CPU
		{C34A8458-F08B-4C81-B663-A3272E0BF5F8}.Release|Any CPU.ActiveCfg = Release|Any CPU
		{C34A8458-F08B-4C81-B663-A3272E0BF5F8}.Release|Any CPU.Build.0 = Release|Any CPU
		{CA043433-5C52-49F2-83C8-53D5F6EFF3E8}.Debug|Any CPU.ActiveCfg = Debug|Any CPU
		{CA043433-5C52-49F2-83C8-53D5F6EFF3E8}.Debug|Any CPU.Build.0 = Debug|Any CPU
		{CA043433-5C52-49F2-83C8-53D5F6EFF3E8}.Release|Any CPU.ActiveCfg = Release|Any CPU
		{CA043433-5C52-49F2-83C8-53D5F6EFF3E8}.Release|Any CPU.Build.0 = Release|Any CPU
	EndGlobalSection
	GlobalSection(SolutionProperties) = preSolution
		HideSolutionNode = FALSE
	EndGlobalSection
	GlobalSection(ExtensibilityGlobals) = postSolution
		SolutionGuid = {AFB31C8E-2A03-4E3C-BE88-010587562C1E}
	EndGlobalSection
EndGlobal
