
Microsoft Visual Studio Solution File, Format Version 12.00
# Visual Studio Version 16
VisualStudioVersion = 16.0.31129.286
MinimumVisualStudioVersion = 10.0.40219.1
Project("{9A19103F-16F7-4668-BE54-9A1E7A4F7556}") = "3.SimpleCalculator", "3.SimpleCalculator\3.SimpleCalculator.csproj", "{3AAAD104-1A86-400A-899B-E06050ABCDBD}"
EndProject
Project("{9A19103F-16F7-4668-BE54-9A1E7A4F7556}") = "2.StackSum", "2.StackSum\2.StackSum.csproj", "{A973CAEA-F9BF-4436-9615-D842A43953B6}"
EndProject
Project("{9A19103F-16F7-4668-BE54-9A1E7A4F7556}") = "4.MatchingBrackets", "4.MatchingBrackets\4.MatchingBrackets.csproj", "{9B31A83A-4E68-48B2-8A5A-F547CE67AECF}"
EndProject
Project("{9A19103F-16F7-4668-BE54-9A1E7A4F7556}") = "1.ReverseStrings", "1.ReverseStrings\1.ReverseStrings.csproj", "{154D9168-57E2-4989-A603-0B00F3BAEA05}"
EndProject
Project("{9A19103F-16F7-4668-BE54-9A1E7A4F7556}") = "5.PrintEvenNumbers", "5.PrintEvenNumbers\5.PrintEvenNumbers.csproj", "{81CC868B-3F5E-4F84-BE41-D0D8AB5D31FC}"
EndProject
Project("{9A19103F-16F7-4668-BE54-9A1E7A4F7556}") = "6.Supermarket", "6.Supermarket\6.Supermarket.csproj", "{72CFA284-BA67-4C3B-BBF3-2949599A9822}"
EndProject
Project("{9A19103F-16F7-4668-BE54-9A1E7A4F7556}") = "7.HotPotato", "7.HotPotato\7.HotPotato.csproj", "{EB67717F-D020-4DE4-A218-C6EBC533750A}"
EndProject
Project("{9A19103F-16F7-4668-BE54-9A1E7A4F7556}") = "8.TrafficJam", "8.TrafficJam\8.TrafficJam.csproj", "{89D99744-A4B5-4EBC-8C09-74D6346A0D54}"
EndProject
Project("{FAE04EC0-301F-11D3-BF4B-00C04F79EFBC}") = "5.PrintEvenNumbers1", "5.PrintEvenNumbers1\5.PrintEvenNumbers1.csproj", "{D6EE71B8-AB67-4BAF-B105-B56AF62C6ECD}"
EndProject
Project("{FAE04EC0-301F-11D3-BF4B-00C04F79EFBC}") = "6.Supermarket1", "6.Supermarket1\6.Supermarket1.csproj", "{28DE3C4F-AA84-414C-B37A-F1B85A08DA18}"
EndProject
Global
	GlobalSection(SolutionConfigurationPlatforms) = preSolution
		Debug|Any CPU = Debug|Any CPU
		Release|Any CPU = Release|Any CPU
	EndGlobalSection
	GlobalSection(ProjectConfigurationPlatforms) = postSolution
		{3AAAD104-1A86-400A-899B-E06050ABCDBD}.Debug|Any CPU.ActiveCfg = Debug|Any CPU
		{3AAAD104-1A86-400A-899B-E06050ABCDBD}.Debug|Any CPU.Build.0 = Debug|Any CPU
		{3AAAD104-1A86-400A-899B-E06050ABCDBD}.Release|Any CPU.ActiveCfg = Release|Any CPU
		{3AAAD104-1A86-400A-899B-E06050ABCDBD}.Release|Any CPU.Build.0 = Release|Any CPU
		{A973CAEA-F9BF-4436-9615-D842A43953B6}.Debug|Any CPU.ActiveCfg = Debug|Any CPU
		{A973CAEA-F9BF-4436-9615-D842A43953B6}.Debug|Any CPU.Build.0 = Debug|Any CPU
		{A973CAEA-F9BF-4436-9615-D842A43953B6}.Release|Any CPU.ActiveCfg = Release|Any CPU
		{A973CAEA-F9BF-4436-9615-D842A43953B6}.Release|Any CPU.Build.0 = Release|Any CPU
		{9B31A83A-4E68-48B2-8A5A-F547CE67AECF}.Debug|Any CPU.ActiveCfg = Debug|Any CPU
		{9B31A83A-4E68-48B2-8A5A-F547CE67AECF}.Debug|Any CPU.Build.0 = Debug|Any CPU
		{9B31A83A-4E68-48B2-8A5A-F547CE67AECF}.Release|Any CPU.ActiveCfg = Release|Any CPU
		{9B31A83A-4E68-48B2-8A5A-F547CE67AECF}.Release|Any CPU.Build.0 = Release|Any CPU
		{154D9168-57E2-4989-A603-0B00F3BAEA05}.Debug|Any CPU.ActiveCfg = Debug|Any CPU
		{154D9168-57E2-4989-A603-0B00F3BAEA05}.Debug|Any CPU.Build.0 = Debug|Any CPU
		{154D9168-57E2-4989-A603-0B00F3BAEA05}.Release|Any CPU.ActiveCfg = Release|Any CPU
		{154D9168-57E2-4989-A603-0B00F3BAEA05}.Release|Any CPU.Build.0 = Release|Any CPU
		{81CC868B-3F5E-4F84-BE41-D0D8AB5D31FC}.Debug|Any CPU.ActiveCfg = Debug|Any CPU
		{81CC868B-3F5E-4F84-BE41-D0D8AB5D31FC}.Debug|Any CPU.Build.0 = Debug|Any CPU
		{81CC868B-3F5E-4F84-BE41-D0D8AB5D31FC}.Release|Any CPU.ActiveCfg = Release|Any CPU
		{81CC868B-3F5E-4F84-BE41-D0D8AB5D31FC}.Release|Any CPU.Build.0 = Release|Any CPU
		{72CFA284-BA67-4C3B-BBF3-2949599A9822}.Debug|Any CPU.ActiveCfg = Debug|Any CPU
		{72CFA284-BA67-4C3B-BBF3-2949599A9822}.Debug|Any CPU.Build.0 = Debug|Any CPU
		{72CFA284-BA67-4C3B-BBF3-2949599A9822}.Release|Any CPU.ActiveCfg = Release|Any CPU
		{72CFA284-BA67-4C3B-BBF3-2949599A9822}.Release|Any CPU.Build.0 = Release|Any CPU
		{EB67717F-D020-4DE4-A218-C6EBC533750A}.Debug|Any CPU.ActiveCfg = Debug|Any CPU
		{EB67717F-D020-4DE4-A218-C6EBC533750A}.Debug|Any CPU.Build.0 = Debug|Any CPU
		{EB67717F-D020-4DE4-A218-C6EBC533750A}.Release|Any CPU.ActiveCfg = Release|Any CPU
		{EB67717F-D020-4DE4-A218-C6EBC533750A}.Release|Any CPU.Build.0 = Release|Any CPU
		{89D99744-A4B5-4EBC-8C09-74D6346A0D54}.Debug|Any CPU.ActiveCfg = Debug|Any CPU
		{89D99744-A4B5-4EBC-8C09-74D6346A0D54}.Debug|Any CPU.Build.0 = Debug|Any CPU
		{89D99744-A4B5-4EBC-8C09-74D6346A0D54}.Release|Any CPU.ActiveCfg = Release|Any CPU
		{89D99744-A4B5-4EBC-8C09-74D6346A0D54}.Release|Any CPU.Build.0 = Release|Any CPU
		{D6EE71B8-AB67-4BAF-B105-B56AF62C6ECD}.Debug|Any CPU.ActiveCfg = Debug|Any CPU
		{D6EE71B8-AB67-4BAF-B105-B56AF62C6ECD}.Debug|Any CPU.Build.0 = Debug|Any CPU
		{D6EE71B8-AB67-4BAF-B105-B56AF62C6ECD}.Release|Any CPU.ActiveCfg = Release|Any CPU
		{D6EE71B8-AB67-4BAF-B105-B56AF62C6ECD}.Release|Any CPU.Build.0 = Release|Any CPU
		{28DE3C4F-AA84-414C-B37A-F1B85A08DA18}.Debug|Any CPU.ActiveCfg = Debug|Any CPU
		{28DE3C4F-AA84-414C-B37A-F1B85A08DA18}.Debug|Any CPU.Build.0 = Debug|Any CPU
		{28DE3C4F-AA84-414C-B37A-F1B85A08DA18}.Release|Any CPU.ActiveCfg = Release|Any CPU
		{28DE3C4F-AA84-414C-B37A-F1B85A08DA18}.Release|Any CPU.Build.0 = Release|Any CPU
	EndGlobalSection
	GlobalSection(SolutionProperties) = preSolution
		HideSolutionNode = FALSE
	EndGlobalSection
	GlobalSection(ExtensibilityGlobals) = postSolution
		SolutionGuid = {8E05261F-777A-4364-B7CC-727244DB34B5}
	EndGlobalSection
EndGlobal
