
Microsoft Visual Studio Solution File, Format Version 12.00
# Visual Studio Version 16
VisualStudioVersion = 16.0.30611.23
MinimumVisualStudioVersion = 10.0.40219.1
Project("{9A19103F-16F7-4668-BE54-9A1E7A4F7556}") = "01.NumbersEndingIn7", "NumbersEndingIn7\01.NumbersEndingIn7.csproj", "{D333F0DF-040F-43BD-BE43-D1C92E623911}"
EndProject
Project("{9A19103F-16F7-4668-BE54-9A1E7A4F7556}") = "02.HalfSumElement", "HalfSumElement\02.HalfSumElement.csproj", "{D96908FE-D0BD-4425-828E-E6C489EDE93F}"
EndProject
Project("{FAE04EC0-301F-11D3-BF4B-00C04F79EFBC}") = "03.OddOrEvenPosition", "03.OddOrEvenPosition\03.OddOrEvenPosition.csproj", "{1E395DA1-3AC2-457B-A60C-BD71E5A36DBB}"
EndProject
Project("{FAE04EC0-301F-11D3-BF4B-00C04F79EFBC}") = "04.Histogram", "04.Histogram\04.Histogram.csproj", "{166FA29B-20C6-4238-A5C3-5C5A483A83C0}"
EndProject
Project("{FAE04EC0-301F-11D3-BF4B-00C04F79EFBC}") = "05DivideWithoutRemainder", "05DivideWithoutRemainder\05DivideWithoutRemainder.csproj", "{982DBEC6-7C33-404B-AF02-58E16035C543}"
EndProject
Project("{FAE04EC0-301F-11D3-BF4B-00C04F79EFBC}") = "06.Salary", "06.Salary\06.Salary.csproj", "{F5FDD109-3AE1-4A1F-B854-1CB2D907A7B4}"
EndProject
Global
	GlobalSection(SolutionConfigurationPlatforms) = preSolution
		Debug|Any CPU = Debug|Any CPU
		Release|Any CPU = Release|Any CPU
	EndGlobalSection
	GlobalSection(ProjectConfigurationPlatforms) = postSolution
		{D333F0DF-040F-43BD-BE43-D1C92E623911}.Debug|Any CPU.ActiveCfg = Debug|Any CPU
		{D333F0DF-040F-43BD-BE43-D1C92E623911}.Debug|Any CPU.Build.0 = Debug|Any CPU
		{D333F0DF-040F-43BD-BE43-D1C92E623911}.Release|Any CPU.ActiveCfg = Release|Any CPU
		{D333F0DF-040F-43BD-BE43-D1C92E623911}.Release|Any CPU.Build.0 = Release|Any CPU
		{D96908FE-D0BD-4425-828E-E6C489EDE93F}.Debug|Any CPU.ActiveCfg = Debug|Any CPU
		{D96908FE-D0BD-4425-828E-E6C489EDE93F}.Debug|Any CPU.Build.0 = Debug|Any CPU
		{D96908FE-D0BD-4425-828E-E6C489EDE93F}.Release|Any CPU.ActiveCfg = Release|Any CPU
		{D96908FE-D0BD-4425-828E-E6C489EDE93F}.Release|Any CPU.Build.0 = Release|Any CPU
		{1E395DA1-3AC2-457B-A60C-BD71E5A36DBB}.Debug|Any CPU.ActiveCfg = Debug|Any CPU
		{1E395DA1-3AC2-457B-A60C-BD71E5A36DBB}.Debug|Any CPU.Build.0 = Debug|Any CPU
		{1E395DA1-3AC2-457B-A60C-BD71E5A36DBB}.Release|Any CPU.ActiveCfg = Release|Any CPU
		{1E395DA1-3AC2-457B-A60C-BD71E5A36DBB}.Release|Any CPU.Build.0 = Release|Any CPU
		{166FA29B-20C6-4238-A5C3-5C5A483A83C0}.Debug|Any CPU.ActiveCfg = Debug|Any CPU
		{166FA29B-20C6-4238-A5C3-5C5A483A83C0}.Debug|Any CPU.Build.0 = Debug|Any CPU
		{166FA29B-20C6-4238-A5C3-5C5A483A83C0}.Release|Any CPU.ActiveCfg = Release|Any CPU
		{166FA29B-20C6-4238-A5C3-5C5A483A83C0}.Release|Any CPU.Build.0 = Release|Any CPU
		{982DBEC6-7C33-404B-AF02-58E16035C543}.Debug|Any CPU.ActiveCfg = Debug|Any CPU
		{982DBEC6-7C33-404B-AF02-58E16035C543}.Debug|Any CPU.Build.0 = Debug|Any CPU
		{982DBEC6-7C33-404B-AF02-58E16035C543}.Release|Any CPU.ActiveCfg = Release|Any CPU
		{982DBEC6-7C33-404B-AF02-58E16035C543}.Release|Any CPU.Build.0 = Release|Any CPU
		{F5FDD109-3AE1-4A1F-B854-1CB2D907A7B4}.Debug|Any CPU.ActiveCfg = Debug|Any CPU
		{F5FDD109-3AE1-4A1F-B854-1CB2D907A7B4}.Debug|Any CPU.Build.0 = Debug|Any CPU
		{F5FDD109-3AE1-4A1F-B854-1CB2D907A7B4}.Release|Any CPU.ActiveCfg = Release|Any CPU
		{F5FDD109-3AE1-4A1F-B854-1CB2D907A7B4}.Release|Any CPU.Build.0 = Release|Any CPU
	EndGlobalSection
	GlobalSection(SolutionProperties) = preSolution
		HideSolutionNode = FALSE
	EndGlobalSection
	GlobalSection(ExtensibilityGlobals) = postSolution
		SolutionGuid = {6998405A-4223-470F-ADFD-A6BFC7DA883A}
	EndGlobalSection
EndGlobal
