
Microsoft Visual Studio Solution File, Format Version 12.00
# Visual Studio Version 16
VisualStudioVersion = 16.0.30523.141
MinimumVisualStudioVersion = 10.0.40219.1
Project("{9A19103F-16F7-4668-BE54-9A1E7A4F7556}") = "MyFirstCodingProgram", "MyFirstCodingProgram\MyFirstCodingProgram.csproj", "{4D295B4C-6500-4EA2-B4B6-6EF96F92CA76}"
EndProject
Project("{9A19103F-16F7-4668-BE54-9A1E7A4F7556}") = "Nums1To10", "Nums1_10\Nums1To10.csproj", "{E1D30870-662A-43C6-AA54-0470EDFCBC41}"
EndProject
Project("{9A19103F-16F7-4668-BE54-9A1E7A4F7556}") = "SquareArea", "SquareArea\SquareArea.csproj", "{66A67F69-FFF8-496D-95E9-0A0B8FCA1288}"
EndProject
Project("{9A19103F-16F7-4668-BE54-9A1E7A4F7556}") = "InchesToCentimeters", "InchesToCentimeters\InchesToCentimeters.csproj", "{1AC590B9-5EFC-4246-A667-BF92E45B24C5}"
EndProject
Project("{9A19103F-16F7-4668-BE54-9A1E7A4F7556}") = "GreetingByName", "GreetingByName\GreetingByName.csproj", "{DCAFE263-8B4F-42E3-B1F5-3077862A088E}"
EndProject
Project("{9A19103F-16F7-4668-BE54-9A1E7A4F7556}") = "ConcatenateData", "ConcatenateData\ConcatenateData.csproj", "{C5D31D55-6A68-4066-BA75-1311615B55D5}"
EndProject
Project("{9A19103F-16F7-4668-BE54-9A1E7A4F7556}") = "ProjectsCreation", "ProjectsCreation\ProjectsCreation.csproj", "{6C3EBB96-9B41-4BC4-ACB1-48D8C86CD503}"
EndProject
Project("{9A19103F-16F7-4668-BE54-9A1E7A4F7556}") = "PetShop", "PetShop\PetShop.csproj", "{DEF9AE40-A878-4C72-B734-98A8F379F5AE}"
EndProject
Global
	GlobalSection(SolutionConfigurationPlatforms) = preSolution
		Debug|Any CPU = Debug|Any CPU
		Release|Any CPU = Release|Any CPU
	EndGlobalSection
	GlobalSection(ProjectConfigurationPlatforms) = postSolution
		{4D295B4C-6500-4EA2-B4B6-6EF96F92CA76}.Debug|Any CPU.ActiveCfg = Debug|Any CPU
		{4D295B4C-6500-4EA2-B4B6-6EF96F92CA76}.Debug|Any CPU.Build.0 = Debug|Any CPU
		{4D295B4C-6500-4EA2-B4B6-6EF96F92CA76}.Release|Any CPU.ActiveCfg = Release|Any CPU
		{4D295B4C-6500-4EA2-B4B6-6EF96F92CA76}.Release|Any CPU.Build.0 = Release|Any CPU
		{E1D30870-662A-43C6-AA54-0470EDFCBC41}.Debug|Any CPU.ActiveCfg = Debug|Any CPU
		{E1D30870-662A-43C6-AA54-0470EDFCBC41}.Debug|Any CPU.Build.0 = Debug|Any CPU
		{E1D30870-662A-43C6-AA54-0470EDFCBC41}.Release|Any CPU.ActiveCfg = Release|Any CPU
		{E1D30870-662A-43C6-AA54-0470EDFCBC41}.Release|Any CPU.Build.0 = Release|Any CPU
		{66A67F69-FFF8-496D-95E9-0A0B8FCA1288}.Debug|Any CPU.ActiveCfg = Debug|Any CPU
		{66A67F69-FFF8-496D-95E9-0A0B8FCA1288}.Debug|Any CPU.Build.0 = Debug|Any CPU
		{66A67F69-FFF8-496D-95E9-0A0B8FCA1288}.Release|Any CPU.ActiveCfg = Release|Any CPU
		{66A67F69-FFF8-496D-95E9-0A0B8FCA1288}.Release|Any CPU.Build.0 = Release|Any CPU
		{1AC590B9-5EFC-4246-A667-BF92E45B24C5}.Debug|Any CPU.ActiveCfg = Debug|Any CPU
		{1AC590B9-5EFC-4246-A667-BF92E45B24C5}.Debug|Any CPU.Build.0 = Debug|Any CPU
		{1AC590B9-5EFC-4246-A667-BF92E45B24C5}.Release|Any CPU.ActiveCfg = Release|Any CPU
		{1AC590B9-5EFC-4246-A667-BF92E45B24C5}.Release|Any CPU.Build.0 = Release|Any CPU
		{DCAFE263-8B4F-42E3-B1F5-3077862A088E}.Debug|Any CPU.ActiveCfg = Debug|Any CPU
		{DCAFE263-8B4F-42E3-B1F5-3077862A088E}.Debug|Any CPU.Build.0 = Debug|Any CPU
		{DCAFE263-8B4F-42E3-B1F5-3077862A088E}.Release|Any CPU.ActiveCfg = Release|Any CPU
		{DCAFE263-8B4F-42E3-B1F5-3077862A088E}.Release|Any CPU.Build.0 = Release|Any CPU
		{C5D31D55-6A68-4066-BA75-1311615B55D5}.Debug|Any CPU.ActiveCfg = Debug|Any CPU
		{C5D31D55-6A68-4066-BA75-1311615B55D5}.Debug|Any CPU.Build.0 = Debug|Any CPU
		{C5D31D55-6A68-4066-BA75-1311615B55D5}.Release|Any CPU.ActiveCfg = Release|Any CPU
		{C5D31D55-6A68-4066-BA75-1311615B55D5}.Release|Any CPU.Build.0 = Release|Any CPU
		{6C3EBB96-9B41-4BC4-ACB1-48D8C86CD503}.Debug|Any CPU.ActiveCfg = Debug|Any CPU
		{6C3EBB96-9B41-4BC4-ACB1-48D8C86CD503}.Debug|Any CPU.Build.0 = Debug|Any CPU
		{6C3EBB96-9B41-4BC4-ACB1-48D8C86CD503}.Release|Any CPU.ActiveCfg = Release|Any CPU
		{6C3EBB96-9B41-4BC4-ACB1-48D8C86CD503}.Release|Any CPU.Build.0 = Release|Any CPU
		{DEF9AE40-A878-4C72-B734-98A8F379F5AE}.Debug|Any CPU.ActiveCfg = Debug|Any CPU
		{DEF9AE40-A878-4C72-B734-98A8F379F5AE}.Debug|Any CPU.Build.0 = Debug|Any CPU
		{DEF9AE40-A878-4C72-B734-98A8F379F5AE}.Release|Any CPU.ActiveCfg = Release|Any CPU
		{DEF9AE40-A878-4C72-B734-98A8F379F5AE}.Release|Any CPU.Build.0 = Release|Any CPU
	EndGlobalSection
	GlobalSection(SolutionProperties) = preSolution
		HideSolutionNode = FALSE
	EndGlobalSection
	GlobalSection(ExtensibilityGlobals) = postSolution
		SolutionGuid = {5C2C224E-912B-42C8-9B67-A2C022FAE979}
	EndGlobalSection
EndGlobal
